<?xml version="1.0" encoding="utf-8"?>
<Project ToolsVersion="4.0" xmlns="http://schemas.microsoft.com/developer/msbuild/2003">
  <ItemGroup>
    <Filter Include="Source Files">
      <UniqueIdentifier>{4FC737F1-C7A5-4376-A066-2A32D752A2FF}</UniqueIdentifier>
      <Extensions>cpp;c;cc;cxx;c++;cppm;ixx;def;odl;idl;hpj;bat;asm;asmx</Extensions>
    </Filter>
    <Filter Include="Resource Files">
      <UniqueIdentifier>{67DA6AB6-F800-4c08-8B7A-83BB121AAD01}</UniqueIdentifier>
      <Extensions>rc;ico;cur;bmp;dlg;rc2;rct;bin;rgs;gif;jpg;jpeg;jpe;resx;tiff;tif;png;wav;mfcribbon-ms</Extensions>
    </Filter>
    <Filter Include="Backend">
      <UniqueIdentifier>{438d26c8-56c5-4798-8591-7226a3e340ca}</UniqueIdentifier>
    </Filter>
    <Filter Include="Client">
      <UniqueIdentifier>{93995380-89BD-4b04-88EB-625FBE52EBFB}</UniqueIdentifier>
      <Extensions>h;hh;hpp;hxx;h++;hm;inl;inc;ipp;xsd</Extensions>
    </Filter>
    <Filter Include="ImGui">
      <UniqueIdentifier>{ced1419b-40f2-4c9a-b691-751f6ac09ba8}</UniqueIdentifier>
    </Filter>
    <Filter Include="ImGui\Backend">
      <UniqueIdentifier>{07e4c605-0367-4e93-95f0-fe675fd888c6}</UniqueIdentifier>
    </Filter>
    <Filter Include="Backend\Rendering">
      <UniqueIdentifier>{ff4d0aa1-eba3-4327-9fc5-4c3b1b522e27}</UniqueIdentifier>
    </Filter>
    <Filter Include="Backend\ECS">
      <UniqueIdentifier>{4d3bf34b-4ce4-4881-9dfa-1ca5cb3d3c56}</UniqueIdentifier>
    </Filter>
    <Filter Include="Backend\Tools">
      <UniqueIdentifier>{87ba4eda-5897-465f-a63b-fb16d6009dd2}</UniqueIdentifier>
    </Filter>
    <Filter Include="Backend\Rendering\Shaders">
      <UniqueIdentifier>{1ec3419c-0041-465d-a146-7470b53043c1}</UniqueIdentifier>
    </Filter>
    <Filter Include="Backend\ECS\Events">
      <UniqueIdentifier>{4f894227-9150-4917-9ac7-310fdf499a7f}</UniqueIdentifier>
    </Filter>
    <Filter Include="reflect-cpp">
      <UniqueIdentifier>{b9d00df6-cfc9-4e46-ad68-1f5fa4f75a40}</UniqueIdentifier>
    </Filter>
    <Filter Include="Backend\Rendering\Meshes">
      <UniqueIdentifier>{85bbbf72-2dcc-4674-99be-b43125954e74}</UniqueIdentifier>
    </Filter>
    <Filter Include="ImGui\TestEngine">
      <UniqueIdentifier>{3fd306a5-c90b-45bb-8fbd-0bb9758f9c7f}</UniqueIdentifier>
    </Filter>
    <Filter Include="Backend\Serializing">
      <UniqueIdentifier>{798df3ba-65a4-4d5a-9042-c0e28a0f819c}</UniqueIdentifier>
    </Filter>
    <Filter Include="Backend\Rendering\RenderTargets">
      <UniqueIdentifier>{e5ece65f-689f-41d3-9ce7-2472f692ae90}</UniqueIdentifier>
    </Filter>
    <Filter Include="Client\Systems">
      <UniqueIdentifier>{f1857e6f-d9ae-4ea1-a662-7c3465d1c90c}</UniqueIdentifier>
    </Filter>
    <Filter Include="Client\Components">
      <UniqueIdentifier>{9de6b631-c17a-439f-9f48-bdf03a9d30fe}</UniqueIdentifier>
    </Filter>
    <Filter Include="ImGuizmo">
      <UniqueIdentifier>{8b755f4f-c34a-43de-8763-15941d5f5916}</UniqueIdentifier>
    </Filter>
    <Filter Include="Client\Resources">
      <UniqueIdentifier>{2d7ccdf6-9278-4bbe-b566-7b5461e43da8}</UniqueIdentifier>
    </Filter>
    <Filter Include="Backend\OS">
      <UniqueIdentifier>{87bd60f4-f850-407e-af4c-80d621eb5879}</UniqueIdentifier>
    </Filter>
    <Filter Include="Backend\Collision">
      <UniqueIdentifier>{4c785863-95c4-4823-ad1a-87a36df2bf14}</UniqueIdentifier>
    </Filter>
    <Filter Include="Client\Editor">
      <UniqueIdentifier>{99815ced-d820-40ab-abbb-52e71e26ea01}</UniqueIdentifier>
    </Filter>
    <Filter Include="Backend\Rendering\NewRenderAPI">
      <UniqueIdentifier>{b7ee87c3-26eb-4f55-bab6-214fce77edd0}</UniqueIdentifier>
    </Filter>
  </ItemGroup>
  <ItemGroup>
    <ClCompile Include="main.cpp">
      <Filter>Source Files</Filter>
    </ClCompile>
    <ClCompile Include="dependencies\imgui\imgui.cpp">
      <Filter>ImGui</Filter>
    </ClCompile>
    <ClCompile Include="dependencies\imgui\imgui_demo.cpp">
      <Filter>ImGui</Filter>
    </ClCompile>
    <ClCompile Include="dependencies\imgui\imgui_draw.cpp">
      <Filter>ImGui</Filter>
    </ClCompile>
    <ClCompile Include="dependencies\imgui\imgui_tables.cpp">
      <Filter>ImGui</Filter>
    </ClCompile>
    <ClCompile Include="dependencies\imgui\imgui_widgets.cpp">
      <Filter>ImGui</Filter>
    </ClCompile>
    <ClCompile Include="dependencies\imgui\backends\imgui_impl_glfw.cpp">
      <Filter>ImGui\Backend</Filter>
    </ClCompile>
    <ClCompile Include="dependencies\imgui\backends\imgui_impl_opengl3.cpp">
      <Filter>ImGui\Backend</Filter>
    </ClCompile>
    <ClCompile Include="dependencies\imgui\backends\imgui_impl_win32.cpp">
      <Filter>ImGui\Backend</Filter>
    </ClCompile>
    <ClCompile Include="dependencies\imgui\imgui_stdlib.cpp">
      <Filter>ImGui</Filter>
    </ClCompile>
    <ClCompile Include="EngineManager.cpp">
      <Filter>Backend\ECS</Filter>
    </ClCompile>
    <ClCompile Include="Camera.cpp">
      <Filter>Backend\Rendering</Filter>
    </ClCompile>
    <ClCompile Include="Affine.cpp">
      <Filter>Backend\Tools</Filter>
    </ClCompile>
    <ClCompile Include="SphereMesh.cpp">
      <Filter>Backend\Rendering\Meshes</Filter>
    </ClCompile>
    <ClCompile Include="OpenGLRenderer.cpp">
      <Filter>Backend\Rendering</Filter>
    </ClCompile>
    <ClCompile Include="dependencies\reflect-cpp\src\reflectcpp.cpp">
      <Filter>reflect-cpp</Filter>
    </ClCompile>
    <ClCompile Include="dependencies\reflect-cpp\src\reflectcpp_json.cpp">
      <Filter>reflect-cpp</Filter>
    </ClCompile>
    <ClCompile Include="dependencies\reflect-cpp\src\yyjson.c">
      <Filter>reflect-cpp</Filter>
    </ClCompile>
    <ClCompile Include="Logger.cpp">
      <Filter>Backend\Tools</Filter>
    </ClCompile>
    <ClCompile Include="Mesh.cpp">
      <Filter>Backend\Rendering\Meshes</Filter>
    </ClCompile>
    <ClCompile Include="CubeMesh.cpp">
      <Filter>Backend\Rendering\Meshes</Filter>
    </ClCompile>
    <ClCompile Include="IcosphereMesh.cpp">
      <Filter>Backend\Rendering\Meshes</Filter>
    </ClCompile>
    <ClCompile Include="dependencies\imgui_test_engine\imgui_test_engine\imgui_capture_tool.cpp">
      <Filter>ImGui\TestEngine</Filter>
    </ClCompile>
    <ClCompile Include="dependencies\imgui_test_engine\imgui_test_engine\imgui_te_context.cpp">
      <Filter>ImGui\TestEngine</Filter>
    </ClCompile>
    <ClCompile Include="dependencies\imgui_test_engine\imgui_test_engine\imgui_te_coroutine.cpp">
      <Filter>ImGui\TestEngine</Filter>
    </ClCompile>
    <ClCompile Include="dependencies\imgui_test_engine\imgui_test_engine\imgui_te_engine.cpp">
      <Filter>ImGui\TestEngine</Filter>
    </ClCompile>
    <ClCompile Include="dependencies\imgui_test_engine\imgui_test_engine\imgui_te_exporters.cpp">
      <Filter>ImGui\TestEngine</Filter>
    </ClCompile>
    <ClCompile Include="dependencies\imgui_test_engine\imgui_test_engine\imgui_te_perftool.cpp">
      <Filter>ImGui\TestEngine</Filter>
    </ClCompile>
    <ClCompile Include="dependencies\imgui_test_engine\imgui_test_engine\imgui_te_ui.cpp">
      <Filter>ImGui\TestEngine</Filter>
    </ClCompile>
    <ClCompile Include="dependencies\imgui_test_engine\imgui_test_engine\imgui_te_utils.cpp">
      <Filter>ImGui\TestEngine</Filter>
    </ClCompile>
    <ClCompile Include="BinarySerialzer.cpp">
      <Filter>Backend\Serializing</Filter>
    </ClCompile>
    <ClCompile Include="IRenderTarget.cpp">
      <Filter>Backend\Rendering\RenderTargets</Filter>
    </ClCompile>
    <ClCompile Include="RenderTargetImgui.cpp">
      <Filter>Backend\Rendering\RenderTargets</Filter>
    </ClCompile>
    <ClCompile Include="RenderTargetTexture.cpp">
      <Filter>Backend\Rendering\RenderTargets</Filter>
    </ClCompile>
    <ClCompile Include="RenderTargetWindow.cpp">
      <Filter>Backend\Rendering\RenderTargets</Filter>
    </ClCompile>
    <ClCompile Include="ImGuiSystem.cpp">
      <Filter>Client\Systems</Filter>
    </ClCompile>
    <ClCompile Include="PhysicsSystem.cpp">
      <Filter>Client\Systems</Filter>
    </ClCompile>
    <ClCompile Include="RenderSystem.cpp">
      <Filter>Client\Systems</Filter>
    </ClCompile>
    <ClCompile Include="ScriptingSystem.cpp">
      <Filter>Client\Systems</Filter>
    </ClCompile>
    <ClCompile Include="SerializationSystem.cpp">
      <Filter>Client\Systems</Filter>
    </ClCompile>
    <ClCompile Include="WindowSystem.cpp">
      <Filter>Client\Systems</Filter>
    </ClCompile>
    <ClCompile Include="QuadMesh.cpp">
      <Filter>Backend\Rendering\Meshes</Filter>
    </ClCompile>
    <ClCompile Include="RelationSystem.cpp">
      <Filter>Client\Systems</Filter>
    </ClCompile>
    <ClCompile Include="TypeID.cpp">
      <Filter>Backend\Tools</Filter>
    </ClCompile>
    <ClCompile Include="Core.cpp">
      <Filter>Backend</Filter>
    </ClCompile>
    <ClCompile Include="pch.cpp">
      <Filter>Source Files</Filter>
    </ClCompile>
    <ClCompile Include="ImGuizmoSystem.cpp">
      <Filter>Source Files</Filter>
    </ClCompile>
    <ClCompile Include="dependencies\ImGuizmo\GraphEditor.cpp">
      <Filter>ImGuizmo</Filter>
    </ClCompile>
    <ClCompile Include="dependencies\ImGuizmo\ImCurveEdit.cpp">
      <Filter>ImGuizmo</Filter>
    </ClCompile>
    <ClCompile Include="dependencies\ImGuizmo\ImGradient.cpp">
      <Filter>ImGuizmo</Filter>
    </ClCompile>
    <ClCompile Include="dependencies\ImGuizmo\ImGuizmo.cpp">
      <Filter>ImGuizmo</Filter>
    </ClCompile>
    <ClCompile Include="dependencies\ImGuizmo\ImSequencer.cpp">
      <Filter>ImGuizmo</Filter>
    </ClCompile>
    <ClCompile Include="ScriptingResource.cpp">
      <Filter>Client\Resources</Filter>
    </ClCompile>
    <ClCompile Include="SerializationResource.cpp">
      <Filter>Client\Resources</Filter>
    </ClCompile>
    <ClCompile Include="JsonHelp.cpp">
      <Filter>Backend\Serializing</Filter>
    </ClCompile>
    <ClCompile Include="CollisionSystem.cpp">
      <Filter>Client\Systems</Filter>
    </ClCompile>
    <ClCompile Include="GetCallerInfo_Windows.cpp">
      <Filter>Backend\OS</Filter>
    </ClCompile>
    <ClCompile Include="SoundResource.cpp">
      <Filter>Client\Resources</Filter>
    </ClCompile>
    <ClCompile Include="SoundSystem.cpp">
      <Filter>Client\Systems</Filter>
    </ClCompile>
    <ClCompile Include="CollisionChecking.cpp">
      <Filter>Backend\Collision</Filter>
    </ClCompile>
    <ClCompile Include="EditorResource.cpp">
      <Filter>Client\Resources</Filter>
    </ClCompile>
    <ClCompile Include="CollisionResource.cpp">
      <Filter>Client\Resources</Filter>
    </ClCompile>
    <ClCompile Include="OS_Windows.cpp">
      <Filter>Backend\OS</Filter>
    </ClCompile>
    <ClCompile Include="SkyboxMesh.cpp">
      <Filter>Backend\Rendering\Meshes</Filter>
    </ClCompile>
    <ClCompile Include="Shader.cpp">
      <Filter>Backend\Rendering\NewRenderAPI</Filter>
    </ClCompile>
    <ClCompile Include="Texture.cpp">
      <Filter>Backend\Rendering\NewRenderAPI</Filter>
    </ClCompile>
    <ClCompile Include="Model.cpp">
      <Filter>Backend\Rendering\NewRenderAPI</Filter>
    </ClCompile>
    <ClCompile Include="RenderTarget.cpp">
      <Filter>Source Files</Filter>
    </ClCompile>
    <ClCompile Include="Quaternion.cpp">
      <Filter>Backend\Tools</Filter>
    </ClCompile>
    <ClCompile Include="Conversion.cpp">
      <Filter>Backend\Tools</Filter>
    </ClCompile>
    <ClCompile Include="AnimationSystem.cpp">
      <Filter>Client\Systems</Filter>
    </ClCompile>
    <ClCompile Include="CurveSystem.cpp">
      <Filter>Client\Systems</Filter>
    </ClCompile>
    <ClCompile Include="CubicSpline.cpp">
      <Filter>Backend\Tools</Filter>
    </ClCompile>
    <ClCompile Include="UUID.cpp">
      <Filter>Backend\Tools</Filter>
    </ClCompile>
    <ClCompile Include="VQS.cpp">
      <Filter>Source Files</Filter>
    </ClCompile>
    <ClCompile Include="IKSystem.cpp">
      <Filter>Client\Systems</Filter>
    </ClCompile>
    <ClCompile Include="Archetypes.cpp">
      <Filter>Backend\ECS</Filter>
    </ClCompile>
    <ClCompile Include="FileHelp.cpp">
      <Filter>Backend\Tools</Filter>
    </ClCompile>
    <ClCompile Include="StringHelp.cpp">
      <Filter>Backend\Tools</Filter>
    </ClCompile>
    <ClCompile Include="RigidBody.cpp">
      <Filter>Source Files</Filter>
    </ClCompile>
    <ClCompile Include="ImGuiHelp.cpp">
      <Filter>Backend\Tools</Filter>
    </ClCompile>
    <ClCompile Include="STLHelp.cpp">
      <Filter>Backend\Tools</Filter>
    </ClCompile>
  </ItemGroup>
  <ItemGroup>
    <ClInclude Include="Core.hpp">
      <Filter>Backend</Filter>
    </ClInclude>
    <ClInclude Include="dependencies\imgui\imconfig.h">
      <Filter>ImGui</Filter>
    </ClInclude>
    <ClInclude Include="dependencies\imgui\imgui.h">
      <Filter>ImGui</Filter>
    </ClInclude>
    <ClInclude Include="dependencies\imgui\imgui_internal.h">
      <Filter>ImGui</Filter>
    </ClInclude>
    <ClInclude Include="dependencies\imgui\imstb_rectpack.h">
      <Filter>ImGui</Filter>
    </ClInclude>
    <ClInclude Include="dependencies\imgui\imstb_textedit.h">
      <Filter>ImGui</Filter>
    </ClInclude>
    <ClInclude Include="dependencies\imgui\imstb_truetype.h">
      <Filter>ImGui</Filter>
    </ClInclude>
    <ClInclude Include="dependencies\imgui\backends\imgui_impl_glfw.h">
      <Filter>ImGui\Backend</Filter>
    </ClInclude>
    <ClInclude Include="dependencies\imgui\backends\imgui_impl_opengl3.h">
      <Filter>ImGui\Backend</Filter>
    </ClInclude>
    <ClInclude Include="dependencies\imgui\backends\imgui_impl_opengl3_loader.h">
      <Filter>ImGui\Backend</Filter>
    </ClInclude>
    <ClInclude Include="dependencies\imgui\backends\imgui_impl_win32.h">
      <Filter>ImGui\Backend</Filter>
    </ClInclude>
    <ClInclude Include="ComponentArray.hpp">
      <Filter>Backend\ECS</Filter>
    </ClInclude>
    <ClInclude Include="EngineManager.hpp">
      <Filter>Backend\ECS</Filter>
    </ClInclude>
    <ClInclude Include="ISystem.hpp">
      <Filter>Backend\ECS</Filter>
    </ClInclude>
    <ClInclude Include="OpenGLRenderer.hpp">
      <Filter>Backend\Rendering</Filter>
    </ClInclude>
    <ClInclude Include="Camera.hpp">
      <Filter>Backend\Rendering</Filter>
    </ClInclude>
    <ClInclude Include="KeyedVector.hpp">
      <Filter>Backend\Tools</Filter>
    </ClInclude>
    <ClInclude Include="SphereMesh.hpp">
      <Filter>Backend\Rendering\Meshes</Filter>
    </ClInclude>
    <ClInclude Include="Affine.hpp">
      <Filter>Backend\Tools</Filter>
    </ClInclude>
    <ClInclude Include="Transform.hpp">
      <Filter>Client\Components</Filter>
    </ClInclude>
    <ClInclude Include="RigidBody.hpp">
      <Filter>Client\Components</Filter>
    </ClInclude>
    <ClInclude Include="ModelComponent.hpp">
      <Filter>Client\Components</Filter>
    </ClInclude>
    <ClInclude Include="Events.hpp">
      <Filter>Backend\ECS\Events</Filter>
    </ClInclude>
    <ClInclude Include="Script.hpp">
      <Filter>Client\Components</Filter>
    </ClInclude>
    <ClInclude Include="dependencies\imgui\imgui_stdlib.h">
      <Filter>ImGui</Filter>
    </ClInclude>
    <ClInclude Include="CameraComponent.hpp">
      <Filter>Client\Components</Filter>
    </ClInclude>
    <ClInclude Include="TypeList.hpp">
      <Filter>Backend\Tools</Filter>
    </ClInclude>
    <ClInclude Include="Logger.hpp">
      <Filter>Backend\Tools</Filter>
    </ClInclude>
    <ClInclude Include="reflect-cpp-extra.hpp">
      <Filter>Backend\Tools</Filter>
    </ClInclude>
    <ClInclude Include="Mesh.hpp">
      <Filter>Backend\Rendering\Meshes</Filter>
    </ClInclude>
    <ClInclude Include="CubeMesh.hpp">
      <Filter>Backend\Rendering\Meshes</Filter>
    </ClInclude>
    <ClInclude Include="IcosphereMesh.hpp">
      <Filter>Backend\Rendering\Meshes</Filter>
    </ClInclude>
    <ClInclude Include="QuadMesh.hpp">
      <Filter>Backend\Rendering\Meshes</Filter>
    </ClInclude>
    <ClInclude Include="dependencies\imgui_test_engine\imgui_test_engine\imgui_capture_tool.h">
      <Filter>ImGui\TestEngine</Filter>
    </ClInclude>
    <ClInclude Include="dependencies\imgui_test_engine\imgui_test_engine\imgui_te_context.h">
      <Filter>ImGui\TestEngine</Filter>
    </ClInclude>
    <ClInclude Include="dependencies\imgui_test_engine\imgui_test_engine\imgui_te_coroutine.h">
      <Filter>ImGui\TestEngine</Filter>
    </ClInclude>
    <ClInclude Include="dependencies\imgui_test_engine\imgui_test_engine\imgui_te_engine.h">
      <Filter>ImGui\TestEngine</Filter>
    </ClInclude>
    <ClInclude Include="dependencies\imgui_test_engine\imgui_test_engine\imgui_te_exporters.h">
      <Filter>ImGui\TestEngine</Filter>
    </ClInclude>
    <ClInclude Include="dependencies\imgui_test_engine\imgui_test_engine\imgui_te_imconfig.h">
      <Filter>ImGui\TestEngine</Filter>
    </ClInclude>
    <ClInclude Include="dependencies\imgui_test_engine\imgui_test_engine\imgui_te_internal.h">
      <Filter>ImGui\TestEngine</Filter>
    </ClInclude>
    <ClInclude Include="dependencies\imgui_test_engine\imgui_test_engine\imgui_te_perftool.h">
      <Filter>ImGui\TestEngine</Filter>
    </ClInclude>
    <ClInclude Include="dependencies\imgui_test_engine\imgui_test_engine\imgui_te_ui.h">
      <Filter>ImGui\TestEngine</Filter>
    </ClInclude>
    <ClInclude Include="dependencies\imgui_test_engine\imgui_test_engine\imgui_te_utils.h">
      <Filter>ImGui\TestEngine</Filter>
    </ClInclude>
    <ClInclude Include="dependencies\imgui_test_engine\imgui_test_engine\thirdparty\Str\Str.h">
      <Filter>ImGui\TestEngine</Filter>
    </ClInclude>
    <ClInclude Include="dependencies\imgui_test_engine\imgui_test_engine\thirdparty\stb\imstb_image_write.h">
      <Filter>ImGui\TestEngine</Filter>
    </ClInclude>
    <ClInclude Include="Tags.hpp">
      <Filter>Backend\ECS</Filter>
    </ClInclude>
    <ClInclude Include="BinarySerializer.hpp">
      <Filter>Backend\Serializing</Filter>
    </ClInclude>
    <ClInclude Include="IRenderTarget.hpp">
      <Filter>Backend\Rendering\RenderTargets</Filter>
    </ClInclude>
    <ClInclude Include="RenderTargetImgui.hpp">
      <Filter>Backend\Rendering\RenderTargets</Filter>
    </ClInclude>
    <ClInclude Include="RenderTargetTexture.hpp">
      <Filter>Backend\Rendering\RenderTargets</Filter>
    </ClInclude>
    <ClInclude Include="RenderTargetWindow.hpp">
      <Filter>Backend\Rendering\RenderTargets</Filter>
    </ClInclude>
    <ClInclude Include="ActiveCameraComponent.hpp">
      <Filter>Client\Components</Filter>
    </ClInclude>
    <ClInclude Include="ImGuiSystem.hpp">
      <Filter>Client\Systems</Filter>
    </ClInclude>
    <ClInclude Include="LightComponent.hpp">
      <Filter>Client\Components</Filter>
    </ClInclude>
    <ClInclude Include="PhysicsSystem.hpp">
      <Filter>Client\Systems</Filter>
    </ClInclude>
    <ClInclude Include="RelationSystem.hpp">
      <Filter>Client\Systems</Filter>
    </ClInclude>
    <ClInclude Include="RenderSystem.hpp">
      <Filter>Client\Systems</Filter>
    </ClInclude>
    <ClInclude Include="ScriptingSystem.hpp">
      <Filter>Client\Systems</Filter>
    </ClInclude>
    <ClInclude Include="SerializationSystem.hpp">
      <Filter>Client\Systems</Filter>
    </ClInclude>
    <ClInclude Include="WindowSystem.hpp">
      <Filter>Client\Systems</Filter>
    </ClInclude>
    <ClInclude Include="TextureComponent.hpp">
      <Filter>Client\Components</Filter>
    </ClInclude>
    <ClInclude Include="TypeID.hpp">
      <Filter>Backend\Tools</Filter>
    </ClInclude>
    <ClInclude Include="pch.hpp">
      <Filter>Source Files</Filter>
    </ClInclude>
    <ClInclude Include="dependencies\ImGuizmo\GraphEditor.h">
      <Filter>ImGuizmo</Filter>
    </ClInclude>
    <ClInclude Include="dependencies\ImGuizmo\ImCurveEdit.h">
      <Filter>ImGuizmo</Filter>
    </ClInclude>
    <ClInclude Include="dependencies\ImGuizmo\ImGradient.h">
      <Filter>ImGuizmo</Filter>
    </ClInclude>
    <ClInclude Include="dependencies\ImGuizmo\ImGuizmo.h">
      <Filter>ImGuizmo</Filter>
    </ClInclude>
    <ClInclude Include="dependencies\ImGuizmo\ImSequencer.h">
      <Filter>ImGuizmo</Filter>
    </ClInclude>
    <ClInclude Include="dependencies\ImGuizmo\ImZoomSlider.h">
      <Filter>ImGuizmo</Filter>
    </ClInclude>
    <ClInclude Include="ImGuizmoSystem.hpp">
      <Filter>Client\Systems</Filter>
    </ClInclude>
    <ClInclude Include="ScriptingResource.hpp">
      <Filter>Client\Resources</Filter>
    </ClInclude>
    <ClInclude Include="SerializationResource.hpp">
      <Filter>Client\Resources</Filter>
    </ClInclude>
    <ClInclude Include="JsonHelp.hpp">
      <Filter>Backend\Serializing</Filter>
    </ClInclude>
    <ClInclude Include="CollisionSystem.hpp">
      <Filter>Client\Systems</Filter>
    </ClInclude>
    <ClInclude Include="SphereCollider.hpp">
      <Filter>Client\Components</Filter>
    </ClInclude>
    <ClInclude Include="GetCallerInfo.hpp">
      <Filter>Backend\OS</Filter>
    </ClInclude>
    <ClInclude Include="SoundComponent.hpp">
      <Filter>Client\Components</Filter>
    </ClInclude>
    <ClInclude Include="SoundResource.hpp">
      <Filter>Client\Resources</Filter>
    </ClInclude>
    <ClInclude Include="SoundSystem.hpp">
      <Filter>Client\Systems</Filter>
    </ClInclude>
    <ClInclude Include="CubeCollider.hpp">
      <Filter>Client\Components</Filter>
    </ClInclude>
    <ClInclude Include="Shapes.hpp">
      <Filter>Backend\Collision</Filter>
    </ClInclude>
    <ClInclude Include="CollisionChecking.hpp">
      <Filter>Backend\Collision</Filter>
    </ClInclude>
    <ClInclude Include="BVHTree.hpp">
      <Filter>Backend\Collision</Filter>
    </ClInclude>
    <ClInclude Include="CollisionResource.hpp">
      <Filter>Client\Resources</Filter>
    </ClInclude>
    <ClInclude Include="FunctionTraits.hpp">
      <Filter>Backend\Tools</Filter>
    </ClInclude>
    <ClInclude Include="EditorResource.hpp">
      <Filter>Client\Resources</Filter>
    </ClInclude>
    <ClInclude Include="OS.hpp">
      <Filter>Backend\OS</Filter>
    </ClInclude>
    <ClInclude Include="SkyboxMesh.hpp">
      <Filter>Backend\Rendering\Meshes</Filter>
    </ClInclude>
    <ClInclude Include="HeirarchyStorage.hpp">
      <Filter>Client\Editor</Filter>
    </ClInclude>
    <ClInclude Include="Shader.hpp">
      <Filter>Backend\Rendering\NewRenderAPI</Filter>
    </ClInclude>
    <ClInclude Include="Texture.hpp">
      <Filter>Backend\Rendering\NewRenderAPI</Filter>
    </ClInclude>
    <ClInclude Include="Model.hpp">
      <Filter>Backend\Rendering\NewRenderAPI</Filter>
    </ClInclude>
    <ClInclude Include="Material.hpp">
      <Filter>Backend\Rendering\NewRenderAPI</Filter>
    </ClInclude>
    <ClInclude Include="RenderTarget.hpp">
      <Filter>Backend\Rendering\NewRenderAPI</Filter>
    </ClInclude>
    <ClInclude Include="Quaternion.hpp">
      <Filter>Backend\Tools</Filter>
    </ClInclude>
    <ClInclude Include="TextureLibrary.hpp">
      <Filter>Client</Filter>
    </ClInclude>
    <ClInclude Include="Conversion.h">
      <Filter>Backend\Tools</Filter>
    </ClInclude>
    <ClInclude Include="AnimationComponent.hpp">
      <Filter>Client\Components</Filter>
    </ClInclude>
    <ClInclude Include="AnimationSystem.hpp">
      <Filter>Client\Systems</Filter>
    </ClInclude>
    <ClInclude Include="Algorithms.hpp">
      <Filter>Backend\Tools</Filter>
    </ClInclude>
    <ClInclude Include="GPUVector.hpp">
      <Filter>Backend\Rendering\NewRenderAPI</Filter>
    </ClInclude>
    <ClInclude Include="MeshCollider.hpp">
      <Filter>Client\Components</Filter>
    </ClInclude>
    <ClInclude Include="CurveSystem.hpp">
      <Filter>Client\Systems</Filter>
    </ClInclude>
    <ClInclude Include="CurveComponent.hpp">
      <Filter>Client\Components</Filter>
    </ClInclude>
    <ClInclude Include="CubicSpline.h">
      <Filter>Backend\Tools</Filter>
    </ClInclude>
    <ClInclude Include="PathFollowerComponent.hpp">
      <Filter>Client\Components</Filter>
    </ClInclude>
    <ClInclude Include="UUID.hpp">
      <Filter>Backend\Tools</Filter>
    </ClInclude>
    <ClInclude Include="BoneComponent.hpp">
      <Filter>Client</Filter>
    </ClInclude>
    <ClInclude Include="VQS.hpp">
      <Filter>Client</Filter>
    </ClInclude>
    <ClInclude Include="IKTarget.hpp">
      <Filter>Client\Components</Filter>
    </ClInclude>
    <ClInclude Include="IKSystem.hpp">
      <Filter>Client\Systems</Filter>
    </ClInclude>
    <ClInclude Include="Archetypes.h">
      <Filter>Backend\ECS</Filter>
    </ClInclude>
    <ClInclude Include="FileHelp.hpp">
      <Filter>Backend\Tools</Filter>
    </ClInclude>
    <ClInclude Include="STLHelp.hpp">
      <Filter>Backend\Tools</Filter>
    </ClInclude>
    <ClInclude Include="StringHelp.hpp">
      <Filter>Backend\Tools</Filter>
    </ClInclude>
    <ClInclude Include="ImGuiHelp.hpp">
      <Filter>Backend\Tools</Filter>
    </ClInclude>
    <ClInclude Include="ActionHistoryResource.hpp">
      <Filter>Client</Filter>
    </ClInclude>
  </ItemGroup>
  <ItemGroup>
    <None Include="assets\shaders\PhongRender.frag">
      <Filter>Backend\Rendering\Shaders</Filter>
    </None>
    <None Include="assets\shaders\PhongRender.vert">
      <Filter>Backend\Rendering\Shaders</Filter>
    </None>
    <None Include="assets\shaders\basic.frag">
      <Filter>Backend\Rendering\Shaders</Filter>
    </None>
    <None Include="assets\shaders\basic.vert">
      <Filter>Backend\Rendering\Shaders</Filter>
    </None>
    <None Include="ComponentArray.inl">
      <Filter>Backend\ECS</Filter>
    </None>
    <None Include="EngineManager.inl">
      <Filter>Backend\ECS</Filter>
    </None>
    <None Include="KeyedVector.inl">
      <Filter>Backend\Tools</Filter>
    </None>
    <None Include="TypeList.inl">
      <Filter>Backend\Tools</Filter>
    </None>
    <None Include="Logger.inl">
      <Filter>Backend\Tools</Filter>
    </None>
    <None Include="assets\shaders\forward.frag">
      <Filter>Backend\Rendering\Shaders</Filter>
    </None>
    <None Include="assets\shaders\forward.vert">
      <Filter>Backend\Rendering\Shaders</Filter>
    </None>
    <None Include="assets\shaders\main.frag">
      <Filter>Backend\Rendering\Shaders</Filter>
    </None>
    <None Include="assets\shaders\main.vert">
      <Filter>Backend\Rendering\Shaders</Filter>
    </None>
    <None Include="assets\shaders\Lighting.frag">
      <Filter>Backend\Rendering\Shaders</Filter>
    </None>
    <None Include="assets\shaders\Lighting.vert">
      <Filter>Backend\Rendering\Shaders</Filter>
    </None>
    <None Include="ImGuiSystem.inl">
      <Filter>Client\Systems</Filter>
    </None>
    <None Include="SerializationSystem.inl">
      <Filter>Client\Systems</Filter>
    </None>
    <None Include="Skybox.vert">
      <Filter>Backend\Rendering\Shaders</Filter>
    </None>
    <None Include="Skybox.frag">
      <Filter>Backend\Rendering\Shaders</Filter>
    </None>
    <None Include="BVHTree.inl">
      <Filter>Backend\Collision</Filter>
    </None>
    <None Include="assets\shaders\PBR.frag">
      <Filter>Backend\Rendering\Shaders</Filter>
    </None>
    <None Include="assets\shaders\PBR.vert">
      <Filter>Backend\Rendering\Shaders</Filter>
    </None>
    <None Include="assets\shaders\Common.glsl">
      <Filter>Backend\Rendering\Shaders</Filter>
    </None>
    <None Include="assets\shaders\Highlight.frag">
      <Filter>Backend\Rendering\Shaders</Filter>
    </None>
    <None Include="assets\shaders\Highlight.vert">
      <Filter>Backend\Rendering\Shaders</Filter>
    </None>
    <None Include="GPUVector.inl">
      <Filter>Backend\Rendering\NewRenderAPI</Filter>
    </None>
    <None Include="ImGuiHelp.inl">
      <Filter>Backend\Tools</Filter>
    </None>
  </ItemGroup>
</Project>